
Microsoft Visual Studio Solution File, Format Version 12.00
# Visual Studio Version 16
VisualStudioVersion = 16.0.32106.194
MinimumVisualStudioVersion = 10.0.40219.1
Project("{FAE04EC0-301F-11D3-BF4B-00C04F79EFBC}") = "TwoGuy", "TwoGuy\TwoGuy.csproj", "{4F963807-C099-4618-BDE1-A68E05277CC5}"
EndProject
Global
	GlobalSection(SolutionConfigurationPlatforms) = preSolution
		Debug|Any CPU = Debug|Any CPU
		Release|Any CPU = Release|Any CPU
	EndGlobalSection
	GlobalSection(ProjectConfigurationPlatforms) = postSolution
		{4F963807-C099-4618-BDE1-A68E05277CC5}.Debug|Any CPU.ActiveCfg = Debug|Any CPU
		{4F963807-C099-4618-BDE1-A68E05277CC5}.Debug|Any CPU.Build.0 = Debug|Any CPU
		{4F963807-C099-4618-BDE1-A68E05277CC5}.Release|Any CPU.ActiveCfg = Release|Any CPU
		{4F963807-C099-4618-BDE1-A68E05277CC5}.Release|Any CPU.Build.0 = Release|Any CPU
	EndGlobalSection
	GlobalSection(SolutionProperties) = preSolution
		HideSolutionNode = FALSE
	EndGlobalSection
	GlobalSection(ExtensibilityGlobals) = postSolution
		SolutionGuid = {6E252E0D-910E-41AE-BBFA-C75E3C35B29C}
	EndGlobalSection
EndGlobal
